
Microsoft Visual Studio Solution File, Format Version 12.00
# Visual Studio Version 17
VisualStudioVersion = 17.9.34728.123
MinimumVisualStudioVersion = 10.0.40219.1
Project("{9A19103F-16F7-4668-BE54-9A1E7A4F7556}") = "TextHandler", "TextHandler\TextHandler.csproj", "{5B90A737-3343-4161-A2CC-8C37FDC20B66}"
EndProject
Project("{FAE04EC0-301F-11D3-BF4B-00C04F79EFBC}") = "Domain", "Domain\Domain.csproj", "{C2821BFB-958F-4B57-893E-7CE291E8176E}"
EndProject
Global
	GlobalSection(SolutionConfigurationPlatforms) = preSolution
		Debug|Any CPU = Debug|Any CPU
		Release|Any CPU = Release|Any CPU
	EndGlobalSection
	GlobalSection(ProjectConfigurationPlatforms) = postSolution
		{5B90A737-3343-4161-A2CC-8C37FDC20B66}.Debug|Any CPU.ActiveCfg = Debug|Any CPU
		{5B90A737-3343-4161-A2CC-8C37FDC20B66}.Debug|Any CPU.Build.0 = Debug|Any CPU
		{5B90A737-3343-4161-A2CC-8C37FDC20B66}.Release|Any CPU.ActiveCfg = Release|Any CPU
		{5B90A737-3343-4161-A2CC-8C37FDC20B66}.Release|Any CPU.Build.0 = Release|Any CPU
		{C2821BFB-958F-4B57-893E-7CE291E8176E}.Debug|Any CPU.ActiveCfg = Debug|Any CPU
		{C2821BFB-958F-4B57-893E-7CE291E8176E}.Debug|Any CPU.Build.0 = Debug|Any CPU
		{C2821BFB-958F-4B57-893E-7CE291E8176E}.Release|Any CPU.ActiveCfg = Release|Any CPU
		{C2821BFB-958F-4B57-893E-7CE291E8176E}.Release|Any CPU.Build.0 = Release|Any CPU
	EndGlobalSection
	GlobalSection(SolutionProperties) = preSolution
		HideSolutionNode = FALSE
	EndGlobalSection
	GlobalSection(ExtensibilityGlobals) = postSolution
		SolutionGuid = {4AD486EA-831E-4984-BB1C-6C1B17010BD4}
	EndGlobalSection
EndGlobal
